
Microsoft Visual Studio Solution File, Format Version 12.00
# Visual Studio Version 16
VisualStudioVersion = 16.0.30204.135
MinimumVisualStudioVersion = 10.0.40219.1
Project("{FAE04EC0-301F-11D3-BF4B-00C04F79EFBC}") = "file", "file\file.csproj", "{53DEE90A-6CD0-4E64-8587-D76B5E8C5F79}"
EndProject
Global
	GlobalSection(SolutionConfigurationPlatforms) = preSolution
		Debug|Any CPU = Debug|Any CPU
		Release|Any CPU = Release|Any CPU
	EndGlobalSection
	GlobalSection(ProjectConfigurationPlatforms) = postSolution
		{53DEE90A-6CD0-4E64-8587-D76B5E8C5F79}.Debug|Any CPU.ActiveCfg = Debug|Any CPU
		{53DEE90A-6CD0-4E64-8587-D76B5E8C5F79}.Debug|Any CPU.Build.0 = Debug|Any CPU
		{53DEE90A-6CD0-4E64-8587-D76B5E8C5F79}.Release|Any CPU.ActiveCfg = Release|Any CPU
		{53DEE90A-6CD0-4E64-8587-D76B5E8C5F79}.Release|Any CPU.Build.0 = Release|Any CPU
	EndGlobalSection
	GlobalSection(SolutionProperties) = preSolution
		HideSolutionNode = FALSE
	EndGlobalSection
	GlobalSection(ExtensibilityGlobals) = postSolution
		SolutionGuid = {D61DB0A3-DE2B-413D-BE5F-20153205F517}
	EndGlobalSection
EndGlobal
